version = 1
revision = 3
requires-python = ">=3.9"
resolution-markers = [
    "python_full_version >= '3.10'",
    "python_full_version < '3.10'",
]

[[package]]
name = "aula-f87pro-cli"
version = "0.1.0"
source = { editable = "." }
dependencies = [
    { name = "hidapi" },
]

[package.optional-dependencies]
watch = [
    { name = "inotify" },
]

[package.metadata]
requires-dist = [
    { name = "hidapi" },
    { name = "inotify", marker = "extra == 'watch'" },
]
provides-extras = ["watch"]

[[package]]
name = "build"
version = "1.4.4"
source = { registry = "https://pypi.org/simple" }
resolution-markers = [
    "python_full_version < '3.10'",
]
dependencies = [
    { name = "colorama", marker = "os_name == 'nt'" },
    { name = "importlib-metadata", version = "8.7.1", source = { registry = "https://pypi.org/simple" } },
    { name = "packaging" },
    { name = "pyproject-hooks" },
    { name = "tomli" },
]
sdist = { url = "https://files.pythonhosted.org/packages/02/ec/bf5ae0a7e5ab57abe8aabdd0759c971883895d1a20c49ae99f8146840c3c/build-1.4.4.tar.gz", hash = "sha256:f832ae053061f3fb524af812dc94b8b84bac6880cd587630e3b5d91a6a9c1703", size = 89220, upload-time = "2026-04-22T20:53:44.807Z" }
wheels = [
    { url = "https://files.pythonhosted.org/packages/fa/88/6764e7a109dd84294850741501145da90d13cdeac9d4e614929464a37420/build-1.4.4-py3-none-any.whl", hash = "sha256:8c3f48a6090b39edec1a273d2d57949aaf13723b01e02f9d518396887519f64d", size = 25921, upload-time = "2026-04-22T20:53:43.251Z" },
]

[[package]]
name = "build"
version = "1.6.1"
source = { registry = "https://pypi.org/simple" }
resolution-markers = [
    "python_full_version >= '3.10'",
]
dependencies = [
    { name = "colorama", marker = "os_name == 'nt'" },
    { name = "importlib-metadata", version = "9.0.1", source = { registry = "https://pypi.org/simple" }, marker = "python_full_version < '3.10.2'" },
    { name = "packaging" },
    { name = "pyproject-hooks" },
    { name = "tomli", marker = "python_full_version < '3.11'" },
]
sdist = { url = "https://files.pythonhosted.org/packages/bd/67/4898a44ea4f3f8e213b0954ec0aa0a16971d62a6212d6ea3931e97115b99/build-1.6.1.tar.gz", hash = "sha256:51cc11666391ab6f092070437ac747002ff46f3e4113a3622177ee6b488bfc53", size = 113427, upload-time = "2026-09-10T07:56:00.417Z" }
wheels = [
    { url = "https://files.pythonhosted.org/packages/ad/9b/9fb3585dabcd73a1b2a6267f63f62649347c9e6d072c9fde365b105abb2c/build-1.6.1-py3-none-any.whl", hash = "sha256:ecd351a4be9d35a9eaaba244a7687143c9c7d4aea6ac964e7e7ddab20cbcf4e7", size = 31179, upload-time = "2026-09-10T07:55:59.148Z" },
]

[[package]]
name = "colorama"
version = "0.4.6"
source = { registry = "https://pypi.org/simple" }
sdist = { url = "https://files.pythonhosted.org/packages/d8/53/6f443c9a4a8358a93a6792e2acffb9d9d5cb0a5cfd8802644b7b1c9a02e4/colorama-0.4.6.tar.gz", hash = "sha256:08695f5cb7ed6e0531a20572697297273c47b8cae5a63ffc6d6ed5c201be6e44", size = 27697, upload-time = "2022-10-25T02:36:22.414Z" }
wheels = [
    { url = "https://files.pythonhosted.org/packages/d1/d6/3965ed04c63042e047cb6a3e6ed1a63a35087b6a609aa3a15ed8ac56c221/colorama-0.4.6-py2.py3-none-any.whl", hash = "sha256:4f1d9991f5acc0ca119f9d443620b77f9d6b33703e51011c16baf57afb285fc6", size = 25335, upload-time = "2022-10-25T02:36:20.889Z" },
]

[[package]]
name = "hidapi"
version = "0.15.0"
source = { registry = "https://pypi.org/simple" }
sdist = { url = "https://files.pythonhosted.org/packages/74/f6/caad9ed701fbb9223eb9e0b41a5514390769b4cb3084a2704ab69e9df0fe/hidapi-0.15.0.tar.gz", hash = "sha256:ecbc265cbe8b7b88755f421e0ba25f084091ec550c2b90ff9e8ddd4fcd540311", size = 184995, upload-time = "2025-12-09T09:48:54.129Z" }
wheels = [
    { url = "https://files.pythonhosted.org/packages/bd/5a/46620fc194f3fa728dce1966ce977334b080fc33b8b525018ad0e0324b91/hidapi-0.15.0-cp310-cp310-macosx_10_9_x86_64.whl", hash = "sha256:b0e1781f7fb8b4015e318d839d66fa79e98900d53900e31d04edb336e0103846", size = 70517, upload-time = "2025-12-09T09:44:47.751Z" },
    { url = "https://files.pythonhosted.org/packages/2d/97/bcbcb89f9461c29d3b12dd32affd29e6312fd521154ee7f394496d0039a9/hidapi-0.15.0-cp310-cp310-macosx_11_0_arm64.whl", hash = "sha256:1fa3e792987d4b7ed66d785491307e23d4f09d3636f8a23665a9694c43e92409", size = 70181, upload-time = "2025-12-09T09:44:49.321Z" },
    { url = "https://files.pythonhosted.org/packages/cc/19/b9f1cd2bce226ed43afa7e7649caeee5552e7ea844e997521d747f0da184/hidapi-0.15.0-cp310-cp310-manylinux2014_x86_64.manylinux_2_17_x86_64.whl", hash = "sha256:75c2d3b83a8300953653ddd7f5190d5ee6072d4a6ee5944db47e92d97344ed92", size = 1039531, upload-time = "2025-12-09T09:44:55.735Z" },
    { url = "https://files.pythonhosted.org/packages/3c/b9/5a6a1a4219ada2da251225c706d450076fd2b3d624000699ff4d329326ab/hidapi-0.15.0-cp310-cp310-manylinux_2_28_aarch64.whl", hash = "sha256:91b43099b123363c8935a264acffb4c7e5c8dba3390f9b2bf19ff76597677a31", size = 1573936, upload-time = "2025-12-09T09:44:51.193Z" },
    { url = "https://files.pythonhosted.org/packages/42/7c/a2df1c993db58f9337d5ee64d3c58f5b9c5127f3ef68907d0c50070d1e50/hidapi-0.15.0-cp310-cp310-manylinux_2_28_i686.whl", hash = "sha256:cea09ccc3efa5b92ab18d3ae8636836edce2c421d67ed4409761da090e230e5a", size = 1654515, upload-time = "2025-12-09T09:44:54.166Z" },
    { url = "https://files.pythonhosted.org/packages/54/ca/341b3f5c713f72a7e61a942859b003a507f4a7d7cf5135a20da519bbcf05/hidapi-0.15.0-cp310-cp310-musllinux_1_2_aarch64.whl", hash = "sha256:b2de66142cf780ee7c797b7c35e488d67bccdf2de98178ac12a4038c490c44ea", size = 669173, upload-time = "2025-12-09T09:44:57.545Z" },
    { url = "https://files.pythonhosted.org/packages/f8/55/e5922d48b59959820d976c8e232b14c1f57d65742e416831ce53fda32f6b/hidapi-0.15.0-cp310-cp310-musllinux_1_2_i686.whl", hash = "sha256:e283c3e9255850d66152adbf580744d38c840d399141b98d64d359cb97cbc128", size = 664906, upload-time = "2025-12-09T09:44:58.893Z" },
    { url = "https://files.pythonhosted.org/packages/50/b2/87683617901cbc5232a1d99cb8e51a967792aae48d462a8e2a842d63ec25/hidapi-0.15.0-cp310-cp310-musllinux_1_2_x86_64.whl", hash = "sha256:5b9f6d2f3bc15c718d8e2ce349d2d019a0fcc343ed1a705a91d0f1c7e792d6ea", size = 671123, upload-time = "2025-12-09T09:45:00.828Z" },
    { url = "https://files.pythonhosted.org/packages/26/cc/03f7d56b82a9dc2abcfcd8d55915504e156b6558fb66926629836e551595/hidapi-0.15.0-cp310-cp310-win32.whl", hash = "sha256:81de6b5fcb4fbbbfc71c6d201a2ac6914d1d86e51930ffde5f96faf50e922473", size = 60160, upload-time = "2025-12-09T09:45:04.472Z" },
    { url = "https://files.pythonhosted.org/packages/35/20/a39e33a9088d76f98f80d9320f8413bdaeaa0458b42470e63a47ac4ccf94/hidapi-0.15.0-cp310-cp310-win_amd64.whl", hash = "sha256:c36895abaef3a4004af6c5020ca214fcdacb2a491e4cde5576afbb1dad903548", size = 67063, upload-time = "2025-12-09T09:45:02.852Z" },
    { url = "https://files.pythonhosted.org/packages/3b/c5/3cfa157e7d1fd6af5ad52ea6ea031b1c8da141c61a2506ad5cb3420afa7f/hidapi-0.15.0-cp311-cp311-macosx_10_9_x86_64.whl", hash = "sha256:53d018e6ac639a217c019c6dcd79a1d30c2401ac7a8147eedd11f2aa29307661", size = 70578, upload-time = "2025-12-09T09:45:05.497Z" },
    { url = "https://files.pythonhosted.org/packages/a5/7e/a43efc66b3b0a68058e76ad0cb2267ce9b30d9006dce10824f3c8b314b08/hidapi-0.15.0-cp311-cp311-macosx_11_0_arm64.whl", hash = "sha256:a11ef4b5ab0a2f36e35f44af394bff41cb645b03ce36c5b2f2c00873f112661f", size = 70233, upload-time = "2025-12-09T09:45:06.826Z" },
    { url = "https://files.pythonhosted.org/packages/6c/30/d8551d99528e0b7b2962cc76fb9a2b5990ea16aeb1457d1c3c61015d020f/hidapi-0.15.0-cp311-cp311-manylinux2014_x86_64.manylinux_2_17_x86_64.whl", hash = "sha256:e47d4fe13ddfc63fd1961974e10f3c7d50a57ae0bb73974e465cfe95dad5da18", size = 1070472, upload-time = "2025-12-09T09:45:16.322Z" },
    { url = "https://files.pythonhosted.org/packages/7c/26/433fc4e9efdfb9d1beb52e39ccdec265ae02003b1d2f8395aba3022b665b/hidapi-0.15.0-cp311-cp311-manylinux_2_28_aarch64.whl", hash = "sha256:f39917c9e9bea895384b1a8869159d808b4a53561af9b4f7c3148bdf6bfd97a0", size = 1602092, upload-time = "2025-12-09T09:45:08.274Z" },
    { url = "https://files.pythonhosted.org/packages/7e/13/911b757f6847a197ab5c978fe8dd55181035096a5659cf7183e013ed1ea2/hidapi-0.15.0-cp311-cp311-manylinux_2_28_i686.whl", hash = "sha256:f4d294fcd2551fb5b41d5f478a08e8945382e1d86d7d40320d02594922d6b667", size = 1677973, upload-time = "2025-12-09T09:45:10.357Z" },
    { url = "https://files.pythonhosted.org/packages/53/3f/cd92833886a15b34225bbd765ed1eb0270bc78b4cf6385e302c0e4bae494/hidapi-0.15.0-cp311-cp311-musllinux_1_2_aarch64.whl", hash = "sha256:68cb85467151a3d4aa6ab4e11ca89a87c2404a778dbccb8fb5ae51e998133bb3", size = 699789, upload-time = "2025-12-09T09:45:18.506Z" },
    { url = "https://files.pythonhosted.org/packages/e6/0e/9cdad5783bf1b2aea6667da37f2435b286750d650071dcc50b42834c8810/hidapi-0.15.0-cp311-cp311-musllinux_1_2_i686.whl", hash = "sha256:06fbcd7696ad768d7e9500b64e2ae742b5d90a2531b5aa8d355c0f049516a09d", size = 695983, upload-time = "2025-12-09T09:45:20.192Z" },
    { url = "https://files.pythonhosted.org/packages/86/ac/a57bc6e28d0dc1a0aed3dcc24302262ecbf2b723f9c4ba1af4ea51add5b4/hidapi-0.15.0-cp311-cp311-musllinux_1_2_x86_64.whl", hash = "sha256:221e3a0c181503061bfc4a672eccd9f86b1da1167b31914be00d919edfd6e1bf", size = 697710, upload-time = "2025-12-09T09:45:21.807Z" },
    { url = "https://files.pythonhosted.org/packages/53/40/6a45375a52027d8142e7acdaeab182a44ff6b818df41384019662eb4f351/hidapi-0.15.0-cp311-cp311-win32.whl", hash = "sha256:2c35bd9cc62227ec91047e36b260f75bdbf50814f3cf3c3b28648ac3ffabd9d7", size = 60070, upload-time = "2025-12-09T09:45:24.745Z" },
    { url = "https://files.pythonhosted.org/packages/4a/a9/8ad4e6423c7416eb8dd765327f3be67f083c985b41b9b48ef3061a64c5f2/hidapi-0.15.0-cp311-cp311-win_amd64.whl", hash = "sha256:c5f7ee9ce8e3373fdb7002497f16bc652d9d4acf20c91275877f55165caf6f0c", size = 67296, upload-time = "2025-12-09T09:45:23.313Z" },
    { url = "https://files.pythonhosted.org/packages/b3/fd/9076aba0736f339b71bda5ee26cb678c02420bf96c7ea5bd9ebcbaf0aa3c/hidapi-0.15.0-cp312-cp312-macosx_10_13_x86_64.whl", hash = "sha256:0b7eb950214191c936b5bdabaeaf1cab99c0dfc3ae3edc220e3c6d4547296053", size = 70157, upload-time = "2025-12-09T09:45:25.77Z" },
    { url = "https://files.pythonhosted.org/packages/4e/9c/9335957cb7e1ca1be997e97afe850f62a9ff0708015048b3871b553eed5c/hidapi-0.15.0-cp312-cp312-macosx_11_0_arm64.whl", hash = "sha256:27933e7f3da7007e5e8d0b25bcf48a79a74e802555e496bba2c7d87f8a77cd61", size = 69597, upload-time = "2025-12-09T09:45:26.707Z" },
    { url = "https://files.pythonhosted.org/packages/de/bc/0eb92f4f238adc8edc3decb859662cf87e302b0a6ecdabe0e4d0560eb5fd/hidapi-0.15.0-cp312-cp312-manylinux2014_x86_64.manylinux_2_17_x86_64.whl", hash = "sha256:cfdbc74d5c4b5fdeef58a246d80f7dbf4ca33fe741c889505a4a350dd2eb54fb", size = 1082139, upload-time = "2025-12-09T09:45:32.799Z" },
    { url = "https://files.pythonhosted.org/packages/03/04/856827cfecaa89091ed470f697e3f9cfb172fc852960e6b902e765d7d650/hidapi-0.15.0-cp312-cp312-manylinux_2_28_aarch64.whl", hash = "sha256:4b7b6207c1c7df3524e9d4019c7196547327636e9924010b9b0bf0c40029e329", size = 1620074, upload-time = "2025-12-09T09:45:28.573Z" },
    { url = "https://files.pythonhosted.org/packages/fa/63/1338cf0e273d95e07202e391b17198f27bd2cfef71348707eac98cd8db2b/hidapi-0.15.0-cp312-cp312-manylinux_2_28_i686.whl", hash = "sha256:908e4b8c35041aa800b51094fd9fbaa5d6161bfb71e55821f43c6433f54e2865", size = 1689689, upload-time = "2025-12-09T09:45:31.195Z" },
    { url = "https://files.pythonhosted.org/packages/84/08/28ce99698e14bb6bdf9d0dcf7ab45ab86d8bade894885aa15bb3fa43bcc1/hidapi-0.15.0-cp312-cp312-musllinux_1_2_aarch64.whl", hash = "sha256:f9356fffebf723ccfbf0f9370d3725de37b3e2f1f6bffc40c3466f854542861c", size = 713596, upload-time = "2025-12-09T09:45:34.564Z" },
    { url = "https://files.pythonhosted.org/packages/a5/16/23e446e2d0ad0d75de149d94f8e6313329aec4d7c18d027e56f5a386779e/hidapi-0.15.0-cp312-cp312-musllinux_1_2_i686.whl", hash = "sha256:fd082e13ca92bbd7a4ec65d9fbd9ef06ecd71798ce9f036b7144b3d498623a7e", size = 697243, upload-time = "2025-12-09T09:45:36.537Z" },
    { url = "https://files.pythonhosted.org/packages/af/ef/e2fa4d795235eb09951f806bbfdbd766d1be805df448d67918e828b7cb31/hidapi-0.15.0-cp312-cp312-musllinux_1_2_x86_64.whl", hash = "sha256:35eb5797d86306bd67aee80ad8973ab0a0b4e6d54018d3efb328767d0e8c9373", size = 717599, upload-time = "2025-12-09T09:45:37.825Z" },
    { url = "https://files.pythonhosted.org/packages/e7/a7/9b7fe9acd09ed90d702f8cc01190ab53e01d5022c21808b079144bc9017d/hidapi-0.15.0-cp312-cp312-win32.whl", hash = "sha256:ce6f99554dae15c48cd89a12d5aede77a92a8bd184b45d0b257a17c97e053cdb", size = 60136, upload-time = "2025-12-09T09:45:40.612Z" },
    { url = "https://files.pythonhosted.org/packages/7f/35/f9e2d3ead60b573140546b041dd41c78a48c0e6b573d61a03130adccd32e/hidapi-0.15.0-cp312-cp312-win_amd64.whl", hash = "sha256:9abc71a62bf8a8f1d70a6fd3613f86feb37ddb67e05ed934e734df79e27bf4f6", size = 67073, upload-time = "2025-12-09T09:45:39.261Z" },
    { url = "https://files.pythonhosted.org/packages/d1/19/bda2dce4af8b8028e6d611d5caf60e223a4d32a638d1155eefdc6d8f2462/hidapi-0.15.0-cp313-cp313-macosx_10_13_x86_64.whl", hash = "sha256:f336dd2dc308928d54a6fdce137814a941a3633ad6722919d7a3142dd99005c2", size = 69045, upload-time = "2025-12-09T09:45:41.534Z" },
    { url = "https://files.pythonhosted.org/packages/1b/18/9b7d6b6a7561654b9b0d7b22fba9c5c971b36f5fc541b04e02d71928349d/hidapi-0.15.0-cp313-cp313-macosx_11_0_arm64.whl", hash = "sha256:8017f2213810c3e57d9ab64c2328c593a1129b25804240108a6451fe35cde193", size = 68755, upload-time = "2025-12-09T09:45:42.464Z" },
    { url = "https://files.pythonhosted.org/packages/f1/b0/f144cee5ce9e45518d234fd07c7a4f9a66de3a78ed42bf9f3f4083165e10/hidapi-0.15.0-cp313-cp313-manylinux2014_x86_64.manylinux_2_17_x86_64.whl", hash = "sha256:208c7fc89f78c3448d55957c3e12893778aa91218ed7dc22697e554f091fe4fe", size = 1072286, upload-time = "2025-12-09T09:45:47.236Z" },
    { url = "https://files.pythonhosted.org/packages/47/bf/7fee015cc48b719bd40c6416f65084a900e7889f0cf52fcfedb9be107b10/hidapi-0.15.0-cp313-cp313-manylinux_2_28_aarch64.whl", hash = "sha256:90f8bd963ae43a44036af5d689d090fab0e3eb52861186e4d2b863dd910a2726", size = 1609789, upload-time = "2025-12-09T09:45:44.112Z" },
    { url = "https://files.pythonhosted.org/packages/d3/b6/ac33532711c2ecda5a22d8b2db3223c8a13f16db6d2793ee73a809cca5b6/hidapi-0.15.0-cp313-cp313-manylinux_2_28_i686.whl", hash = "sha256:cd6edc7af885755163f4ffb29639c14f8a4ad5cca13ed641e47aa11f9646d8b6", size = 1680636, upload-time = "2025-12-09T09:45:45.67Z" },
    { url = "https://files.pythonhosted.org/packages/a3/e1/5b4426b8a77f9efbef70c0dbc1d64602d36ea8878f76c3607959901c978c/hidapi-0.15.0-cp313-cp313-musllinux_1_2_aarch64.whl", hash = "sha256:6ef0f80b2ff32ba446c9a2d4bfca6623ab5f0c05d742a0161ea1f7af2dc33b12", size = 708617, upload-time = "2025-12-09T09:45:48.874Z" },
    { url = "https://files.pythonhosted.org/packages/bb/a6/1ecdadc3e19f6755eed40f2111f447ec071e3d4f5f4f99b95d26a6d67219/hidapi-0.15.0-cp313-cp313-musllinux_1_2_i686.whl", hash = "sha256:6106d10873c1e465a2764e979fb96ec0d16bb926eedac829310830f90816cc76", size = 689589, upload-time = "2025-12-09T09:45:50.328Z" },
    { url = "https://files.pythonhosted.org/packages/d6/02/579af4220acdde5ab76d091edaa92f62e110f89131a56b11856f77779607/hidapi-0.15.0-cp313-cp313-musllinux_1_2_x86_64.whl", hash = "sha256:4f7a710df215ea3b53a81029488f78e7303b83f01a2e8478db20d7c9756588dd", size = 710213, upload-time = "2025-12-09T09:45:51.747Z" },
    { url = "https://files.pythonhosted.org/packages/f9/c7/52f2d903a607f024086829349383dcc7f0c22533fc242f26f9754eba2f06/hidapi-0.15.0-cp313-cp313-win32.whl", hash = "sha256:e4ddb57e71e2b8aca2c685b94b8587dc7d7cfae3c529a7c4076ba0775eb28d4a", size = 59749, upload-time = "2025-12-09T09:45:53.882Z" },
    { url = "https://files.pythonhosted.org/packages/d9/00/7dd3f866a748b0c9eb4adedaa025ec8c533ed1946e9e918661c948a5c0f4/hidapi-0.15.0-cp313-cp313-win_amd64.whl", hash = "sha256:04e0c1ed6d742bc6e1d00599394bec6b2afb8ee2fc5a0a183d3c4c2d4e315c34", size = 66362, upload-time = "2025-12-09T09:45:52.797Z" },
    { url = "https://files.pythonhosted.org/packages/0a/65/e9c70deb396f5baea92cd2ea7803914a55d455c3982367bae4390483e6cc/hidapi-0.15.0-cp314-cp314-macosx_10_15_x86_64.whl", hash = "sha256:0a6bb079bcd5152dd8968893aecdcbde3954b849896078f54df2254c0d1f301e", size = 69532, upload-time = "2025-12-09T09:45:55.269Z" },
    { url = "https://files.pythonhosted.org/packages/05/eb/d006a7e28ec63b5db76340e4aca6ff077ad336f8fbe64ac804b968927011/hidapi-0.15.0-cp314-cp314-macosx_11_0_arm64.whl", hash = "sha256:d80c745d285dfc9889e856226daa8eee6f9e83025ef2cb97e5fe0b1396f7818a", size = 69350, upload-time = "2025-12-09T09:45:56.695Z" },
    { url = "https://files.pythonhosted.org/packages/52/2b/95e7595eb61982c651ed2b3ecd9bae05a0298b668c801a992e4e814b22f2/hidapi-0.15.0-cp314-cp314-manylinux2014_x86_64.manylinux_2_17_x86_64.whl", hash = "sha256:b0f4411fd479345ca86742d9dda77200476a902749d8e47ed438f31ec98af418", size = 1065210, upload-time = "2025-12-09T09:46:02.484Z" },
    { url = "https://files.pythonhosted.org/packages/c7/a5/0344a7c223c3610510ec7f91f7220b0e5852c92d52aff23377f1c2888880/hidapi-0.15.0-cp314-cp314-manylinux_2_28_aarch64.whl", hash = "sha256:d93f7173dcbec61b928f4cf800bf26535f81ef3b7bd89199237207f6ca7e4f43", size = 1610362, upload-time = "2025-12-09T09:45:58.533Z" },
    { url = "https://files.pythonhosted.org/packages/d9/96/781212cf852705bc1db26edd4340b01b9ce04cadd5d327c00b64f7324978/hidapi-0.15.0-cp314-cp314-manylinux_2_28_i686.whl", hash = "sha256:dacf0b9e5d776fde69b92d68c09ab878a09486629e1fe8e6ae851252b0f33ce5", size = 1680942, upload-time = "2025-12-09T09:46:00.971Z" },
    { url = "https://files.pythonhosted.org/packages/d1/48/6d51a37d3a81355740a82cd265d4fc8485a0a279e4b545cbf790bd106f51/hidapi-0.15.0-cp314-cp314-musllinux_1_2_aarch64.whl", hash = "sha256:bda6ce04a77662e77a4b6b2598211935ca281e1cf663248d54bce75bd684fed8", size = 707550, upload-time = "2025-12-09T09:46:03.993Z" },
    { url = "https://files.pythonhosted.org/packages/86/77/175efa84ecea161c70948dc67b412b7444c2a196e4def8b305cb756077c6/hidapi-0.15.0-cp314-cp314-musllinux_1_2_i686.whl", hash = "sha256:74900b5c7e884e0e4316d4deb746e5dd294b5aaaf90eac056c4f9f19cf2c8097", size = 689865, upload-time = "2025-12-09T09:46:05.976Z" },
    { url = "https://files.pythonhosted.org/packages/7e/29/0e513390a8d686448672fabd30385f9cda6e01663765851d0cef88e6f0b1/hidapi-0.15.0-cp314-cp314-musllinux_1_2_x86_64.whl", hash = "sha256:76236468509dfcb256fa0fbd5a73708c598b3819695b7d08499ae489c82116b6", size = 706809, upload-time = "2025-12-09T09:46:07.309Z" },
    { url = "https://files.pythonhosted.org/packages/a2/d6/c0b9d8568fdb38eebb9caaa56643a81d92cccb5d59a5b44e0d975a0f3808/hidapi-0.15.0-cp314-cp314-win32.whl", hash = "sha256:901c03817306eac7edd589f09e0e07467871b45f665949cc4caa645b54abc97b", size = 61089, upload-time = "2025-12-09T09:46:09.59Z" },
    { url = "https://files.pythonhosted.org/packages/cb/14/3b27516b2867e53545164ebd8ef45d0c36857d2a062036e788e56e2e34ce/hidapi-0.15.0-cp314-cp314-win_amd64.whl", hash = "sha256:df0dd435562654e27ad0c7d045074eb1e1e016b09167dd48a258dec1ce4b9127", size = 67710, upload-time = "2025-12-09T09:46:08.677Z" },
    { url = "https://files.pythonhosted.org/packages/97/8f/ff034661faf99acaabe8954fb7db87c5242c79bf763dd972b23b1be5f104/hidapi-0.15.0-cp314-cp314t-macosx_10_15_x86_64.whl", hash = "sha256:2f16e9ea8a1d24ac7a6bf316905823eafd58f78ec815a93118d4710faf95a224", size = 70893, upload-time = "2025-12-09T09:46:10.625Z" },
    { url = "https://files.pythonhosted.org/packages/d8/44/617666a0919d06521d732ef07998306b8ddcbd96038e19348c831acd76e8/hidapi-0.15.0-cp314-cp314t-macosx_11_0_arm64.whl", hash = "sha256:77f0965ca81a9be44694e84aa18e501d5cda49e372202a38a52d22acc38deadd", size = 71430, upload-time = "2025-12-09T09:46:11.648Z" },
    { url = "https://files.pythonhosted.org/packages/64/64/129aed49fa45b6a5e2fd955618eebe93ff7e3889f05237da6b45051c77bb/hidapi-0.15.0-cp314-cp314t-manylinux2014_x86_64.manylinux_2_17_x86_64.whl", hash = "sha256:541c85b8225ce19b38ceacd404283ca1857345ccfa7ca12f54131203ff2d7f75", size = 1094257, upload-time = "2025-12-09T09:46:17.529Z" },
    { url = "https://files.pythonhosted.org/packages/17/ca/266ca521ff643957823a7f04a67030f6d2917e86e31c60c3d4878cd6b913/hidapi-0.15.0-cp314-cp314t-manylinux_2_28_aarch64.whl", hash = "sha256:89f909a6783307c2f067e8e7948f38ec43386f15d04759d11e5b32e3b2fdf3d8", size = 1663756, upload-time = "2025-12-09T09:46:13.403Z" },
    { url = "https://files.pythonhosted.org/packages/38/de/eb9d0fe6d9ccd2645e993930cc7fdeb6e12ddcdec086f3ef7dec947286ca/hidapi-0.15.0-cp314-cp314t-manylinux_2_28_i686.whl", hash = "sha256:fd32f311633fad21a52e750775cd4ea23da912199c63d1331f4d8ae00ab0874b", size = 1710998, upload-time = "2025-12-09T09:46:15.68Z" },
    { url = "https://files.pythonhosted.org/packages/07/43/e5c0cd80df4a65a468b7a9fc6891ea77435a75e64bb273104c37f12e05b3/hidapi-0.15.0-cp314-cp314t-musllinux_1_2_aarch64.whl", hash = "sha256:8f7ca38699557ab057333f1628a346073ae6088c09897b2cd9fbc68f4896780c", size = 751383, upload-time = "2025-12-09T09:46:19.183Z" },
    { url = "https://files.pythonhosted.org/packages/8c/8f/033e19857bcc3ad1b9880b5c0dfbaa7c945e577b7dee18919c1b2478484d/hidapi-0.15.0-cp314-cp314t-musllinux_1_2_i686.whl", hash = "sha256:1c4e707c82629637a311fa1a7adc1ae1386de7b539e84b4e37125e52e449318d", size = 722837, upload-time = "2025-12-09T09:46:20.707Z" },
    { url = "https://files.pythonhosted.org/packages/ff/f0/2b4e7ff42cdc6a6bf7def0591dfd3854af81038a1925ac1ed7a96578e834/hidapi-0.15.0-cp314-cp314t-musllinux_1_2_x86_64.whl", hash = "sha256:cc99bb16b359023190bf857297f6492a1c8441ccacff66dac881c9e278f5c262", size = 750923, upload-time = "2025-12-09T09:46:23.161Z" },
    { url = "https://files.pythonhosted.org/packages/bd/eb/c0676ff1f7e9ec9d99eaa428c66745cdab5b1742808f0c16061c85bd0b18/hidapi-0.15.0-cp314-cp314t-win32.whl", hash = "sha256:005c84c74c940a314b211674edc763a931ace0b63685ace88148496f563e25f9", size = 66288, upload-time = "2025-12-09T09:46:25.246Z" },
    { url = "https://files.pythonhosted.org/packages/cd/5b/f22dbf886824559d3e66d84710c5fb48c09856e6816885da97f2f51700eb/hidapi-0.15.0-cp314-cp314t-win_amd64.whl", hash = "sha256:e384430363d400c4ffb33fe65f22a61c9f288a870158dc5a9f5c9d917b7250c7", size = 74723, upload-time = "2025-12-09T09:46:24.36Z" },
    { url = "https://files.pythonhosted.org/packages/f2/c0/dc8d3fa85a5a4feb6ed8d79da9f5fefdd3b1607ce9220e1b54faa95927e5/hidapi-0.15.0-cp39-cp39-macosx_10_9_x86_64.whl", hash = "sha256:3d220314975b99a083f4ee21abfd796a9ceeb99cbf3487a41c5eb80269102a4a", size = 71079, upload-time = "2025-12-09T09:46:40.112Z" },
    { url = "https://files.pythonhosted.org/packages/ff/c0/73d0b576332467e1ff84c51bef3eb21f07125835a7a580f4047919a67d1d/hidapi-0.15.0-cp39-cp39-macosx_11_0_arm64.whl", hash = "sha256:bc61ab7f45dddbb2df2fca93565c575c0b035337d1e13ce2868c092ff24e9c47", size = 70800, upload-time = "2025-12-09T09:46:41.021Z" },
    { url = "https://files.pythonhosted.org/packages/03/a7/9819036af3a3f6ab58570c4292c28bfd42ac9898e04070f598e92939ac51/hidapi-0.15.0-cp39-cp39-manylinux2014_x86_64.manylinux_2_17_x86_64.whl", hash = "sha256:aefc2afd146733e3ec8b33474bfb832c9281dd106309a216a20bade19dc0e95f", size = 1039182, upload-time = "2025-12-09T09:46:49.149Z" },
    { url = "https://files.pythonhosted.org/packages/fe/c4/f696f62702b75eccc4dbcf619e82cf773b0d892d2bcc7e9cf85aefb3d9f2/hidapi-0.15.0-cp39-cp39-manylinux_2_28_aarch64.whl", hash = "sha256:ef3b43b1a4d4df8ea542487cda888138eaac4707db46bbca0f7bb78d97a06323", size = 1572449, upload-time = "2025-12-09T09:46:43.048Z" },
    { url = "https://files.pythonhosted.org/packages/2d/7c/e58643470288fc6132933475ba810482616ad08c333770f23e9d4c9f31ca/hidapi-0.15.0-cp39-cp39-manylinux_2_28_i686.whl", hash = "sha256:0608a882f06d7f37e0f1786e255e9a8b1e2386fdb8f9fb9d209b82682551f4b8", size = 1654806, upload-time = "2025-12-09T09:46:46.53Z" },
    { url = "https://files.pythonhosted.org/packages/32/a0/021d8f40ebed1f21a90c0f6c794657e3e9e9fe013788e2467bc5ce3b42f2/hidapi-0.15.0-cp39-cp39-musllinux_1_2_aarch64.whl", hash = "sha256:788e16711a4530a2a7a8a4cd942f7250fa7f907a3be892b11d8eb51ec697739a", size = 667407, upload-time = "2025-12-09T09:46:50.51Z" },
    { url = "https://files.pythonhosted.org/packages/d9/a5/4c7355b133be152d1e085190e37880230a47575a853752a06a824cd37951/hidapi-0.15.0-cp39-cp39-musllinux_1_2_i686.whl", hash = "sha256:48e79274384c23b250bc95016c8aa6497cf0a23b3a112d05376cbf5ace266886", size = 665330, upload-time = "2025-12-09T09:46:51.848Z" },
    { url = "https://files.pythonhosted.org/packages/cf/02/24656533d5b7d0047ca70f9abaeae8fd9fe694c32e91a88a5885652aa605/hidapi-0.15.0-cp39-cp39-musllinux_1_2_x86_64.whl", hash = "sha256:c49aa659ecfe46a93a7057bca42208bfd123c2fcbdfd4a28eb1f9b8189260b68", size = 669911, upload-time = "2025-12-09T09:46:53.202Z" },
    { url = "https://files.pythonhosted.org/packages/dd/4e/7dd283c34d85898b4a259b8ea1116800de2b603256b20d19fad31bf88be4/hidapi-0.15.0-cp39-cp39-win32.whl", hash = "sha256:27d288d405bd4abedd047eefb9c4ab797d232454b35e17e7b61a03edf70c64e8", size = 60498, upload-time = "2025-12-09T09:46:55.587Z" },
    { url = "https://files.pythonhosted.org/packages/bb/8c/b51934ac6dd24409d94b949c143bb55207a3a8213a520671cbdd95f24f42/hidapi-0.15.0-cp39-cp39-win_amd64.whl", hash = "sha256:cb835b81624a72830e5ebebde26b93ab5ee812de648386a47d13dfbf64b348c7", size = 67432, upload-time = "2025-12-09T09:46:54.653Z" },
]

[[package]]
name = "importlib-metadata"
version = "8.7.1"
source = { registry = "https://pypi.org/simple" }
resolution-markers = [
    "python_full_version < '3.10'",
]
dependencies = [
    { name = "zipp", version = "3.23.1", source = { registry = "https://pypi.org/simple" } },
]
sdist = { url = "https://files.pythonhosted.org/packages/f3/49/3b30cad09e7771a4982d9975a8cbf64f00d4a1ececb53297f1d9a7be1b10/importlib_metadata-8.7.1.tar.gz", hash = "sha256:49fef1ae6440c182052f407c8d34a68f72efc36db9ca90dc0113398f2fdde8bb", size = 57107, upload-time = "2025-12-21T10:00:19.278Z" }
wheels = [
    { url = "https://files.pythonhosted.org/packages/fa/5e/f8e9a1d23b9c20a551a8a02ea3637b4642e22c2626e3a13a9a29cdea99eb/importlib_metadata-8.7.1-py3-none-any.whl", hash = "sha256:5a1f80bf1daa489495071efbb095d75a634cf28a8bc299581244063b53176151", size = 27865, upload-time = "2025-12-21T10:00:18.329Z" },
]

[[package]]
name = "importlib-metadata"
version = "9.0.1"
source = { registry = "https://pypi.org/simple" }
resolution-markers = [
    "python_full_version >= '3.10'",
]
dependencies = [
    { name = "zipp", version = "4.1.0", source = { registry = "https://pypi.org/simple" } },
]
sdist = { url = "https://files.pythonhosted.org/packages/6f/7e/1e7e8dc30634b93ebb3d58a3dea569ad146e656218d3960ab04f62047b29/importlib_metadata-9.0.1.tar.gz", hash = "sha256:ab830580bc0ef3db61ce8fae716389e5462b67e033018bab6d8f80ef17172f99", size = 59124, upload-time = "2026-08-28T15:30:34.646Z" }
wheels = [
    { url = "https://files.pythonhosted.org/packages/b3/55/ecca97ae19075f1fac62def77731e7f535e6c1fb8f92ff08160c5e6dade8/importlib_metadata-9.0.1-py3-none-any.whl", hash = "sha256:bba5600596a7e21f3eef53281cf28d6a5195634d2f2b78ff9501a3272c6eaab0", size = 27920, upload-time = "2026-08-28T15:30:33.433Z" },
]

[[package]]
name = "inotify"
version = "0.2.12"
source = { registry = "https://pypi.org/simple" }
dependencies = [
    { name = "build", version = "1.4.4", source = { registry = "https://pypi.org/simple" }, marker = "python_full_version < '3.10'" },
    { name = "build", version = "1.6.1", source = { registry = "https://pypi.org/simple" }, marker = "python_full_version >= '3.10'" },
]
sdist = { url = "https://files.pythonhosted.org/packages/f7/e1/9eb0047d6808ab1bb8930ac4d508f663fd94cfaea4bc905f62c199b64872/inotify-0.2.12.tar.gz", hash = "sha256:9aee407f92c7d51a2ce50f3b78291a9094e334e34bd68e82bf60020795fa2c94", size = 21818, upload-time = "2025-07-07T07:09:08.799Z" }
wheels = [
    { url = "https://files.pythonhosted.org/packages/c5/b9/7c83fb4b6245eb2e4a2927a512356ec015d13f105c326497dc62f4b22033/inotify-0.2.12-py2.py3-none-any.whl", hash = "sha256:e4f1c8ec7ba5ec2a1a7fce48c0c917234af9d756495ebae7ffa00e41a305ab90", size = 20405, upload-time = "2025-07-07T07:09:07.591Z" },
]

[[package]]
name = "packaging"
version = "26.3"
source = { registry = "https://pypi.org/simple" }
sdist = { url = "https://files.pythonhosted.org/packages/7d/fa/3944b40b07da9ce895c0e6303a5ab7d53da063554f534556b134a54d6093/packaging-26.3.tar.gz", hash = "sha256:94edc256424af38762eb31306eed28beb9f0efc50a8837492c9d6fd6004aed79", size = 313412, upload-time = "2026-08-04T18:15:28.737Z" }
wheels = [
    { url = "https://files.pythonhosted.org/packages/63/34/ba1c580383c9eada3711951fef0795c80b829a078d72188184bcab9dd527/packaging-26.3-py3-none-any.whl", hash = "sha256:d7193f7c8e4e93f444fde0262bf90af30e16fa0ad0ad44cb553c87339b23cd1c", size = 129956, upload-time = "2026-08-04T18:15:27.159Z" },
]

[[package]]
name = "pyproject-hooks"
version = "1.3.3"
source = { registry = "https://pypi.org/simple" }
sdist = { url = "https://files.pythonhosted.org/packages/6d/5d/f2ddeef4a855a102aaae5e97826a0260007522ab504421b75addfdb1517c/pyproject_hooks-1.3.3.tar.gz", hash = "sha256:defda19b854fa0d3bd4f76ea4ddcba8abd7dcfcdd585a6690ade050744fc5f43", size = 21013, upload-time = "2026-09-16T08:58:03.999Z" }
wheels = [
    { url = "https://files.pythonhosted.org/packages/85/11/044d1ae1b4ec0d7af88ee5bc91e081be1022533032b906a7bdabdbb60977/pyproject_hooks-1.3.3-py3-none-any.whl", hash = "sha256:5fc53fdac9f7bd63fbcdc868fb5f90b4784d78a53a3d3388cd738b807441a20b", size = 10724, upload-time = "2026-09-16T08:58:02.96Z" },
]

[[package]]
name = "tomli"
version = "2.4.1"
source = { registry = "https://pypi.org/simple" }
sdist = { url = "https://files.pythonhosted.org/packages/22/de/48c59722572767841493b26183a0d1cc411d54fd759c5607c4590b6563a6/tomli-2.4.1.tar.gz", hash = "sha256:7c7e1a961a0b2f2472c1ac5b69affa0ae1132c39adcb67aba98568702b9cc23f", size = 17543, upload-time = "2026-03-25T20:22:03.828Z" }
wheels = [
    { url = "https://files.pythonhosted.org/packages/f4/11/db3d5885d8528263d8adc260bb2d28ebf1270b96e98f0e0268d32b8d9900/tomli-2.4.1-cp311-cp311-macosx_10_9_x86_64.whl", hash = "sha256:f8f0fc26ec2cc2b965b7a3b87cd19c5c6b8c5e5f436b984e85f486d652285c30", size = 154704, upload-time = "2026-03-25T20:21:10.473Z" },
    { url = "https://files.pythonhosted.org/packages/6d/f7/675db52c7e46064a9aa928885a9b20f4124ecb9bc2e1ce74c9106648d202/tomli-2.4.1-cp311-cp311-macosx_11_0_arm64.whl", hash = "sha256:4ab97e64ccda8756376892c53a72bd1f964e519c77236368527f758fbc36a53a", size = 149454, upload-time = "2026-03-25T20:21:12.036Z" },
    { url = "https://files.pythonhosted.org/packages/61/71/81c50943cf953efa35bce7646caab3cf457a7d8c030b27cfb40d7235f9ee/tomli-2.4.1-cp311-cp311-manylinux2014_aarch64.manylinux_2_17_aarch64.manylinux_2_28_aarch64.whl", hash = "sha256:96481a5786729fd470164b47cdb3e0e58062a496f455ee41b4403be77cb5a076", size = 237561, upload-time = "2026-03-25T20:21:13.098Z" },
    { url = "https://files.pythonhosted.org/packages/48/c1/f41d9cb618acccca7df82aaf682f9b49013c9397212cb9f53219e3abac37/tomli-2.4.1-cp311-cp311-manylinux2014_x86_64.manylinux_2_17_x86_64.manylinux_2_28_x86_64.whl", hash = "sha256:5a881ab208c0baf688221f8cecc5401bd291d67e38a1ac884d6736cbcd8247e9", size = 243824, upload-time = "2026-03-25T20:21:14.569Z" },
    { url = "https://files.pythonhosted.org/packages/22/e4/5a816ecdd1f8ca51fb756ef684b90f2780afc52fc67f987e3c61d800a46d/tomli-2.4.1-cp311-cp311-musllinux_1_2_aarch64.whl", hash = "sha256:47149d5bd38761ac8be13a84864bf0b7b70bc051806bc3669ab1cbc56216b23c", size = 242227, upload-time = "2026-03-25T20:21:15.712Z" },
    { url = "https://files.pythonhosted.org/packages/6b/49/2b2a0ef529aa6eec245d25f0c703e020a73955ad7edf73e7f54ddc608aa5/tomli-2.4.1-cp311-cp311-musllinux_1_2_x86_64.whl", hash = "sha256:ec9bfaf3ad2df51ace80688143a6a4ebc09a248f6ff781a9945e51937008fcbc", size = 247859, upload-time = "2026-03-25T20:21:17.001Z" },
    { url = "https://files.pythonhosted.org/packages/83/bd/6c1a630eaca337e1e78c5903104f831bda934c426f9231429396ce3c3467/tomli-2.4.1-cp311-cp311-win32.whl", hash = "sha256:ff2983983d34813c1aeb0fa89091e76c3a22889ee83ab27c5eeb45100560c049", size = 97204, upload-time = "2026-03-25T20:21:18.079Z" },
    { url = "https://files.pythonhosted.org/packages/42/59/71461df1a885647e10b6bb7802d0b8e66480c61f3f43079e0dcd315b3954/tomli-2.4.1-cp311-cp311-win_amd64.whl", hash = "sha256:5ee18d9ebdb417e384b58fe414e8d6af9f4e7a0ae761519fb50f721de398dd4e", size = 108084, upload-time = "2026-03-25T20:21:18.978Z" },
    { url = "https://files.pythonhosted.org/packages/b8/83/dceca96142499c069475b790e7913b1044c1a4337e700751f48ed723f883/tomli-2.4.1-cp311-cp311-win_arm64.whl", hash = "sha256:c2541745709bad0264b7d4705ad453b76ccd191e64aa6f0fc66b69a293a45ece", size = 95285, upload-time = "2026-03-25T20:21:20.309Z" },
    { url = "https://files.pythonhosted.org/packages/c1/ba/42f134a3fe2b370f555f44b1d72feebb94debcab01676bf918d0cb70e9aa/tomli-2.4.1-cp312-cp312-macosx_10_13_x86_64.whl", hash = "sha256:c742f741d58a28940ce01d58f0ab2ea3ced8b12402f162f4d534dfe18ba1cd6a", size = 155924, upload-time = "2026-03-25T20:21:21.626Z" },
    { url = "https://files.pythonhosted.org/packages/dc/c7/62d7a17c26487ade21c5422b646110f2162f1fcc95980ef7f63e73c68f14/tomli-2.4.1-cp312-cp312-macosx_11_0_arm64.whl", hash = "sha256:7f86fd587c4ed9dd76f318225e7d9b29cfc5a9d43de44e5754db8d1128487085", size = 150018, upload-time = "2026-03-25T20:21:23.002Z" },
    { url = "https://files.pythonhosted.org/packages/5c/05/79d13d7c15f13bdef410bdd49a6485b1c37d28968314eabee452c22a7fda/tomli-2.4.1-cp312-cp312-manylinux2014_aarch64.manylinux_2_17_aarch64.manylinux_2_28_aarch64.whl", hash = "sha256:ff18e6a727ee0ab0388507b89d1bc6a22b138d1e2fa56d1ad494586d61d2eae9", size = 244948, upload-time = "2026-03-25T20:21:24.04Z" },
    { url = "https://files.pythonhosted.org/packages/10/90/d62ce007a1c80d0b2c93e02cab211224756240884751b94ca72df8a875ca/tomli-2.4.1-cp312-cp312-manylinux2014_x86_64.manylinux_2_17_x86_64.manylinux_2_28_x86_64.whl", hash = "sha256:136443dbd7e1dee43c68ac2694fde36b2849865fa258d39bf822c10e8068eac5", size = 253341, upload-time = "2026-03-25T20:21:25.177Z" },
    { url = "https://files.pythonhosted.org/packages/1a/7e/caf6496d60152ad4ed09282c1885cca4eea150bfd007da84aea07bcc0a3e/tomli-2.4.1-cp312-cp312-musllinux_1_2_aarch64.whl", hash = "sha256:5e262d41726bc187e69af7825504c933b6794dc3fbd5945e41a79bb14c31f585", size = 248159, upload-time = "2026-03-25T20:21:26.364Z" },
    { url = "https://files.pythonhosted.org/packages/99/e7/c6f69c3120de34bbd882c6fba7975f3d7a746e9218e56ab46a1bc4b42552/tomli-2.4.1-cp312-cp312-musllinux_1_2_x86_64.whl", hash = "sha256:5cb41aa38891e073ee49d55fbc7839cfdb2bc0e600add13874d048c94aadddd1", size = 253290, upload-time = "2026-03-25T20:21:27.46Z" },
    { url = "https://files.pythonhosted.org/packages/d6/2f/4a3c322f22c5c66c4b836ec58211641a4067364f5dcdd7b974b4c5da300c/tomli-2.4.1-cp312-cp312-win32.whl", hash = "sha256:da25dc3563bff5965356133435b757a795a17b17d01dbc0f42fb32447ddfd917", size = 98141, upload-time = "2026-03-25T20:21:28.492Z" },
    { url = "https://files.pythonhosted.org/packages/24/22/4daacd05391b92c55759d55eaee21e1dfaea86ce5c571f10083360adf534/tomli-2.4.1-cp312-cp312-win_amd64.whl", hash = "sha256:52c8ef851d9a240f11a88c003eacb03c31fc1c9c4ec64a99a0f922b93874fda9", size = 108847, upload-time = "2026-03-25T20:21:29.386Z" },
    { url = "https://files.pythonhosted.org/packages/68/fd/70e768887666ddd9e9f5d85129e84910f2db2796f9096aa02b721a53098d/tomli-2.4.1-cp312-cp312-win_arm64.whl", hash = "sha256:f758f1b9299d059cc3f6546ae2af89670cb1c4d48ea29c3cacc4fe7de3058257", size = 95088, upload-time = "2026-03-25T20:21:30.677Z" },
    { url = "https://files.pythonhosted.org/packages/07/06/b823a7e818c756d9a7123ba2cda7d07bc2dd32835648d1a7b7b7a05d848d/tomli-2.4.1-cp313-cp313-macosx_10_13_x86_64.whl", hash = "sha256:36d2bd2ad5fb9eaddba5226aa02c8ec3fa4f192631e347b3ed28186d43be6b54", size = 155866, upload-time = "2026-03-25T20:21:31.65Z" },
    { url = "https://files.pythonhosted.org/packages/14/6f/12645cf7f08e1a20c7eb8c297c6f11d31c1b50f316a7e7e1e1de6e2e7b7e/tomli-2.4.1-cp313-cp313-macosx_11_0_arm64.whl", hash = "sha256:eb0dc4e38e6a1fd579e5d50369aa2e10acfc9cace504579b2faabb478e76941a", size = 149887, upload-time = "2026-03-25T20:21:33.028Z" },
    { url = "https://files.pythonhosted.org/packages/5c/e0/90637574e5e7212c09099c67ad349b04ec4d6020324539297b634a0192b0/tomli-2.4.1-cp313-cp313-manylinux2014_aarch64.manylinux_2_17_aarch64.manylinux_2_28_aarch64.whl", hash = "sha256:c7f2c7f2b9ca6bdeef8f0fa897f8e05085923eb091721675170254cbc5b02897", size = 243704, upload-time = "2026-03-25T20:21:34.51Z" },
    { url = "https://files.pythonhosted.org/packages/10/8f/d3ddb16c5a4befdf31a23307f72828686ab2096f068eaf56631e136c1fdd/tomli-2.4.1-cp313-cp313-manylinux2014_x86_64.manylinux_2_17_x86_64.manylinux_2_28_x86_64.whl", hash = "sha256:f3c6818a1a86dd6dca7ddcaaf76947d5ba31aecc28cb1b67009a5877c9a64f3f", size = 251628, upload-time = "2026-03-25T20:21:36.012Z" },
    { url = "https://files.pythonhosted.org/packages/e3/f1/dbeeb9116715abee2485bf0a12d07a8f31af94d71608c171c45f64c0469d/tomli-2.4.1-cp313-cp313-musllinux_1_2_aarch64.whl", hash = "sha256:d312ef37c91508b0ab2cee7da26ec0b3ed2f03ce12bd87a588d771ae15dcf82d", size = 247180, upload-time = "2026-03-25T20:21:37.136Z" },
    { url = "https://files.pythonhosted.org/packages/d3/74/16336ffd19ed4da28a70959f92f506233bd7cfc2332b20bdb01591e8b1d1/tomli-2.4.1-cp313-cp313-musllinux_1_2_x86_64.whl", hash = "sha256:51529d40e3ca50046d7606fa99ce3956a617f9b36380da3b7f0dd3dd28e68cb5", size = 251674, upload-time = "2026-03-25T20:21:38.298Z" },
    { url = "https://files.pythonhosted.org/packages/16/f9/229fa3434c590ddf6c0aa9af64d3af4b752540686cace29e6281e3458469/tomli-2.4.1-cp313-cp313-win32.whl", hash = "sha256:2190f2e9dd7508d2a90ded5ed369255980a1bcdd58e52f7fe24b8162bf9fedbd", size = 97976, upload-time = "2026-03-25T20:21:39.316Z" },
    { url = "https://files.pythonhosted.org/packages/6a/1e/71dfd96bcc1c775420cb8befe7a9d35f2e5b1309798f009dca17b7708c1e/tomli-2.4.1-cp313-cp313-win_amd64.whl", hash = "sha256:8d65a2fbf9d2f8352685bc1364177ee3923d6baf5e7f43ea4959d7d8bc326a36", size = 108755, upload-time = "2026-03-25T20:21:40.248Z" },
    { url = "https://files.pythonhosted.org/packages/83/7a/d34f422a021d62420b78f5c538e5b102f62bea616d1d75a13f0a88acb04a/tomli-2.4.1-cp313-cp313-win_arm64.whl", hash = "sha256:4b605484e43cdc43f0954ddae319fb75f04cc10dd80d830540060ee7cd0243cd", size = 95265, upload-time = "2026-03-25T20:21:41.219Z" },
    { url = "https://files.pythonhosted.org/packages/3c/fb/9a5c8d27dbab540869f7c1f8eb0abb3244189ce780ba9cd73f3770662072/tomli-2.4.1-cp314-cp314-macosx_10_15_x86_64.whl", hash = "sha256:fd0409a3653af6c147209d267a0e4243f0ae46b011aa978b1080359fddc9b6cf", size = 155726, upload-time = "2026-03-25T20:21:42.23Z" },
    { url = "https://files.pythonhosted.org/packages/62/05/d2f816630cc771ad836af54f5001f47a6f611d2d39535364f148b6a92d6b/tomli-2.4.1-cp314-cp314-macosx_11_0_arm64.whl", hash = "sha256:a120733b01c45e9a0c34aeef92bf0cf1d56cfe81ed9d47d562f9ed591a9828ac", size = 149859, upload-time = "2026-03-25T20:21:43.386Z" },
    { url = "https://files.pythonhosted.org/packages/ce/48/66341bdb858ad9bd0ceab5a86f90eddab127cf8b046418009f2125630ecb/tomli-2.4.1-cp314-cp314-manylinux2014_aarch64.manylinux_2_17_aarch64.manylinux_2_28_aarch64.whl", hash = "sha256:559db847dc486944896521f68d8190be1c9e719fced785720d2216fe7022b662", size = 244713, upload-time = "2026-03-25T20:21:44.474Z" },
    { url = "https://files.pythonhosted.org/packages/df/6d/c5fad00d82b3c7a3ab6189bd4b10e60466f22cfe8a08a9394185c8a8111c/tomli-2.4.1-cp314-cp314-manylinux2014_x86_64.manylinux_2_17_x86_64.manylinux_2_28_x86_64.whl", hash = "sha256:01f520d4f53ef97964a240a035ec2a869fe1a37dde002b57ebc4417a27ccd853", size = 252084, upload-time = "2026-03-25T20:21:45.62Z" },
    { url = "https://files.pythonhosted.org/packages/00/71/3a69e86f3eafe8c7a59d008d245888051005bd657760e96d5fbfb0b740c2/tomli-2.4.1-cp314-cp314-musllinux_1_2_aarch64.whl", hash = "sha256:7f94b27a62cfad8496c8d2513e1a222dd446f095fca8987fceef261225538a15", size = 247973, upload-time = "2026-03-25T20:21:46.937Z" },
    { url = "https://files.pythonhosted.org/packages/67/50/361e986652847fec4bd5e4a0208752fbe64689c603c7ae5ea7cb16b1c0ca/tomli-2.4.1-cp314-cp314-musllinux_1_2_x86_64.whl", hash = "sha256:ede3e6487c5ef5d28634ba3f31f989030ad6af71edfb0055cbbd14189ff240ba", size = 256223, upload-time = "2026-03-25T20:21:48.467Z" },
    { url = "https://files.pythonhosted.org/packages/8c/9a/b4173689a9203472e5467217e0154b00e260621caa227b6fa01feab16998/tomli-2.4.1-cp314-cp314-win32.whl", hash = "sha256:3d48a93ee1c9b79c04bb38772ee1b64dcf18ff43085896ea460ca8dec96f35f6", size = 98973, upload-time = "2026-03-25T20:21:49.526Z" },
    { url = "https://files.pythonhosted.org/packages/14/58/640ac93bf230cd27d002462c9af0d837779f8773bc03dee06b5835208214/tomli-2.4.1-cp314-cp314-win_amd64.whl", hash = "sha256:88dceee75c2c63af144e456745e10101eb67361050196b0b6af5d717254dddf7", size = 109082, upload-time = "2026-03-25T20:21:50.506Z" },
    { url = "https://files.pythonhosted.org/packages/d5/2f/702d5e05b227401c1068f0d386d79a589bb12bf64c3d2c72ce0631e3bc49/tomli-2.4.1-cp314-cp314-win_arm64.whl", hash = "sha256:b8c198f8c1805dc42708689ed6864951fd2494f924149d3e4bce7710f8eb5232", size = 96490, upload-time = "2026-03-25T20:21:51.474Z" },
    { url = "https://files.pythonhosted.org/packages/45/4b/b877b05c8ba62927d9865dd980e34a755de541eb65fffba52b4cc495d4d2/tomli-2.4.1-cp314-cp314t-macosx_10_15_x86_64.whl", hash = "sha256:d4d8fe59808a54658fcc0160ecfb1b30f9089906c50b23bcb4c69eddc19ec2b4", size = 164263, upload-time = "2026-03-25T20:21:52.543Z" },
    { url = "https://files.pythonhosted.org/packages/24/79/6ab420d37a270b89f7195dec5448f79400d9e9c1826df982f3f8e97b24fd/tomli-2.4.1-cp314-cp314t-macosx_11_0_arm64.whl", hash = "sha256:7008df2e7655c495dd12d2a4ad038ff878d4ca4b81fccaf82b714e07eae4402c", size = 160736, upload-time = "2026-03-25T20:21:53.674Z" },
    { url = "https://files.pythonhosted.org/packages/02/e0/3630057d8eb170310785723ed5adcdfb7d50cb7e6455f85ba8a3deed642b/tomli-2.4.1-cp314-cp314t-manylinux2014_aarch64.manylinux_2_17_aarch64.manylinux_2_28_aarch64.whl", hash = "sha256:1d8591993e228b0c930c4bb0db464bdad97b3289fb981255d6c9a41aedc84b2d", size = 270717, upload-time = "2026-03-25T20:21:55.129Z" },
    { url = "https://files.pythonhosted.org/packages/7a/b4/1613716072e544d1a7891f548d8f9ec6ce2faf42ca65acae01d76ea06bb0/tomli-2.4.1-cp314-cp314t-manylinux2014_x86_64.manylinux_2_17_x86_64.manylinux_2_28_x86_64.whl", hash = "sha256:734e20b57ba95624ecf1841e72b53f6e186355e216e5412de414e3c51e5e3c41", size = 278461, upload-time = "2026-03-25T20:21:56.228Z" },
    { url = "https://files.pythonhosted.org/packages/05/38/30f541baf6a3f6df77b3df16b01ba319221389e2da59427e221ef417ac0c/tomli-2.4.1-cp314-cp314t-musllinux_1_2_aarch64.whl", hash = "sha256:8a650c2dbafa08d42e51ba0b62740dae4ecb9338eefa093aa5c78ceb546fcd5c", size = 274855, upload-time = "2026-03-25T20:21:57.653Z" },
    { url = "https://files.pythonhosted.org/packages/77/a3/ec9dd4fd2c38e98de34223b995a3b34813e6bdadf86c75314c928350ed14/tomli-2.4.1-cp314-cp314t-musllinux_1_2_x86_64.whl", hash = "sha256:504aa796fe0569bb43171066009ead363de03675276d2d121ac1a4572397870f", size = 283144, upload-time = "2026-03-25T20:21:59.089Z" },
    { url = "https://files.pythonhosted.org/packages/ef/be/605a6261cac79fba2ec0c9827e986e00323a1945700969b8ee0b30d85453/tomli-2.4.1-cp314-cp314t-win32.whl", hash = "sha256:b1d22e6e9387bf4739fbe23bfa80e93f6b0373a7f1b96c6227c32bef95a4d7a8", size = 108683, upload-time = "2026-03-25T20:22:00.214Z" },
    { url = "https://files.pythonhosted.org/packages/12/64/da524626d3b9cc40c168a13da8335fe1c51be12c0a63685cc6db7308daae/tomli-2.4.1-cp314-cp314t-win_amd64.whl", hash = "sha256:2c1c351919aca02858f740c6d33adea0c5deea37f9ecca1cc1ef9e884a619d26", size = 121196, upload-time = "2026-03-25T20:22:01.169Z" },
    { url = "https://files.pythonhosted.org/packages/5a/cd/e80b62269fc78fc36c9af5a6b89c835baa8af28ff5ad28c7028d60860320/tomli-2.4.1-cp314-cp314t-win_arm64.whl", hash = "sha256:eab21f45c7f66c13f2a9e0e1535309cee140182a9cdae1e041d02e47291e8396", size = 100393, upload-time = "2026-03-25T20:22:02.137Z" },
    { url = "https://files.pythonhosted.org/packages/7b/61/cceae43728b7de99d9b847560c262873a1f6c98202171fd5ed62640b494b/tomli-2.4.1-py3-none-any.whl", hash = "sha256:0d85819802132122da43cb86656f8d1f8c6587d54ae7dcaf30e90533028b49fe", size = 14583, upload-time = "2026-03-25T20:22:03.012Z" },
]

[[package]]
name = "zipp"
version = "3.23.1"
source = { registry = "https://pypi.org/simple" }
resolution-markers = [
    "python_full_version < '3.10'",
]
sdist = { url = "https://files.pythonhosted.org/packages/30/21/093488dfc7cc8964ded15ab726fad40f25fd3d788fd741cc1c5a17d78ee8/zipp-3.23.1.tar.gz", hash = "sha256:32120e378d32cd9714ad503c1d024619063ec28aad2248dc6672ad13edfa5110", size = 25965, upload-time = "2026-04-13T23:21:46.6Z" }
wheels = [
    { url = "https://files.pythonhosted.org/packages/08/8a/0861bec20485572fbddf3dfba2910e38fe249796cb73ecdeb74e07eeb8d3/zipp-3.23.1-py3-none-any.whl", hash = "sha256:0b3596c50a5c700c9cb40ba8d86d9f2cc4807e9bedb06bcdf7fac85633e444dc", size = 10378, upload-time = "2026-04-13T23:21:45.386Z" },
]

[[package]]
name = "zipp"
version = "4.1.0"
source = { registry = "https://pypi.org/simple" }
resolution-markers = [
    "python_full_version >= '3.10'",
]
sdist = { url = "https://files.pythonhosted.org/packages/b9/d8/eab98a517c14134c0b2eb4e2387bc5f457334293ec5d2dd3857ec2966802/zipp-4.1.0.tar.gz", hash = "sha256:4cb57381f544315db7688e976e922a2b18cdb513d21cc194eb42232ba2a3e602", size = 26214, upload-time = "2026-05-18T20:08:57.967Z" }
wheels = [
    { url = "https://files.pythonhosted.org/packages/3a/13/547360d81e6d88d58492968ffda9f9542854f11310ee556fef14260cc886/zipp-4.1.0-py3-none-any.whl", hash = "sha256:25ad4e16390cd314347dd8f1de67a2ac538ae658ed4ab9db16029c07c188e97f", size = 10238, upload-time = "2026-05-18T20:08:57.045Z" },
]
